
Microsoft Visual Studio Solution File, Format Version 12.00
# Visual Studio 2015
Project("{FAE04EC0-301F-11D3-BF4B-00C04F79EFBC}") = "The Mating Ritual.CSharp", "The Mating Ritual.CSharp.csproj", "{7042D1DE-2135-12EA-BEBC-8F038A9393FF}"
EndProject
Global
	GlobalSection(SolutionConfigurationPlatforms) = preSolution
		Debug|Any CPU = Debug|Any CPU
		Release|Any CPU = Release|Any CPU
	EndGlobalSection
	GlobalSection(ProjectConfigurationPlatforms) = postSolution
		{7042D1DE-2135-12EA-BEBC-8F038A9393FF}.Debug|Any CPU.ActiveCfg = Debug|Any CPU
		{7042D1DE-2135-12EA-BEBC-8F038A9393FF}.Debug|Any CPU.Build.0 = Debug|Any CPU
		{7042D1DE-2135-12EA-BEBC-8F038A9393FF}.Release|Any CPU.ActiveCfg = Release|Any CPU
		{7042D1DE-2135-12EA-BEBC-8F038A9393FF}.Release|Any CPU.Build.0 = Release|Any CPU
	EndGlobalSection
	GlobalSection(SolutionProperties) = preSolution
		HideSolutionNode = FALSE
	EndGlobalSection
EndGlobal
